
Microsoft Visual Studio Solution File, Format Version 12.00
# Visual Studio Version 17
VisualStudioVersion = 17.11.35327.3
MinimumVisualStudioVersion = 10.0.40219.1
Project("{FAE04EC0-301F-11D3-BF4B-00C04F79EFBC}") = "ConsoleAppSQLite", "ConsoleAppSQLite\ConsoleAppSQLite.csproj", "{46E06FE2-FCD4-419C-9283-1D3F19C0A303}"
EndProject
Global
	GlobalSection(SolutionConfigurationPlatforms) = preSolution
		Debug|Any CPU = Debug|Any CPU
		Release|Any CPU = Release|Any CPU
	EndGlobalSection
	GlobalSection(ProjectConfigurationPlatforms) = postSolution
		{46E06FE2-FCD4-419C-9283-1D3F19C0A303}.Debug|Any CPU.ActiveCfg = Debug|Any CPU
		{46E06FE2-FCD4-419C-9283-1D3F19C0A303}.Debug|Any CPU.Build.0 = Debug|Any CPU
		{46E06FE2-FCD4-419C-9283-1D3F19C0A303}.Release|Any CPU.ActiveCfg = Release|Any CPU
		{46E06FE2-FCD4-419C-9283-1D3F19C0A303}.Release|Any CPU.Build.0 = Release|Any CPU
	EndGlobalSection
	GlobalSection(SolutionProperties) = preSolution
		HideSolutionNode = FALSE
	EndGlobalSection
	GlobalSection(ExtensibilityGlobals) = postSolution
		SolutionGuid = {2E31062B-C755-4FA9-9B4F-A662A53483B8}
	EndGlobalSection
EndGlobal
